
Microsoft Visual Studio Solution File, Format Version 12.00
# Visual Studio Version 17
VisualStudioVersion = 17.8.34316.72
MinimumVisualStudioVersion = 10.0.40219.1
Project("{FAE04EC0-301F-11D3-BF4B-00C04F79EFBC}") = "ProductGuard", "ProductGuard.csproj", "{C0CF6C4C-2109-4E76-91AB-213829B47365}"
EndProject
Global
	GlobalSection(SolutionConfigurationPlatforms) = preSolution
		Debug|Any CPU = Debug|Any CPU
		Release|Any CPU = Release|Any CPU
	EndGlobalSection
	GlobalSection(ProjectConfigurationPlatforms) = postSolution
		{C0CF6C4C-2109-4E76-91AB-213829B47365}.Debug|Any CPU.ActiveCfg = Debug|Any CPU
		{C0CF6C4C-2109-4E76-91AB-213829B47365}.Debug|Any CPU.Build.0 = Debug|Any CPU
		{C0CF6C4C-2109-4E76-91AB-213829B47365}.Release|Any CPU.ActiveCfg = Release|Any CPU
		{C0CF6C4C-2109-4E76-91AB-213829B47365}.Release|Any CPU.Build.0 = Release|Any CPU
	EndGlobalSection
	GlobalSection(SolutionProperties) = preSolution
		HideSolutionNode = FALSE
	EndGlobalSection
	GlobalSection(ExtensibilityGlobals) = postSolution
		SolutionGuid = {35CBFAAE-77C5-40DA-9133-2F946AD0F193}
	EndGlobalSection
EndGlobal
